PODS:
  - DDKitSwift/core (3.0.0):
    - DDLoggerSwift (~> 5.0.0)
    - DDUtils/ui (~> 5.0.0)
    - DDUtils/utils (~> 5.0.0)
  - DDLoggerSwift (5.0.0):
    - DDLoggerSwift/core (= 5.0.0)
  - DDLoggerSwift/core (5.0.0):
    - DDUtils/ui (~> 5.0.0)
    - DDUtils/utils (~> 5.0.0)
  - DDUserDefaultManager (3.0.0):
    - DDUserDefaultManager/core (= 3.0.0)
  - DDUserDefaultManager/core (3.0.0):
    - DDUtils/ui (~> 5.0.0)
    - SnapKit
  - DDUtils/core (5.0.2)
  - DDUtils/ui (5.0.2):
    - DDUtils/core
  - DDUtils/utils (5.0.2):
    - DDUtils/core
  - SnapKit (5.7.1)

DEPENDENCIES:
  - DDKitSwift/core (~> 3.0.0)
  - DDUserDefaultManager (~> 3.0.0)

SPEC REPOS:
  trunk:
    - DDKitSwift
    - DDLoggerSwift
    - DDUserDefaultManager
    - DDUtils
    - SnapKit

SPEC CHECKSUMS:
  DDKitSwift: 3143fa7df258879898f08e16f2b59b1227661541
  DDLoggerSwift: 3b6e451251ae07a6614d93493b7c4e512e155950
  DDUserDefaultManager: 824cff2cf1e5d0695790f79f2741cd5bd6afabbe
  DDUtils: 56b14d305b574751a3e5336717a6dfd56dd2c58c
  SnapKit: d612e99e678a2d3b95bf60b0705ed0a35c03484a

PODFILE CHECKSUM: 3b168be18d11c48fe6847bce27830900ef03397c

COCOAPODS: 1.15.2
