PODS:
  - DDKitSwift/core (4.0.0):
    - DDLoggerSwift (~> 5)
    - DDUtils/ui (~> 5)
    - DDUtils/utils (~> 5)
  - DDLoggerSwift (5.3.1):
    - DDLoggerSwift/core (= 5.3.1)
  - DDLoggerSwift/core (5.3.1):
    - DDUtils/ui (~> 5)
    - DDUtils/utils (~> 5)
  - DDUserDefaultManager (4.0.0):
    - DDUserDefaultManager/core (= 4.0.0)
  - DDUserDefaultManager/core (4.0.0):
    - DDUtils/ui
  - DDUtils/core (5.0.13)
  - DDUtils/ui (5.0.13):
    - DDUtils/core
  - DDUtils/utils (5.0.13):
    - DDUtils/core

DEPENDENCIES:
  - DDKitSwift/core (~> 4)
  - DDUserDefaultManager (~> 4)

SPEC REPOS:
  trunk:
    - DDKitSwift
    - DDLoggerSwift
    - DDUserDefaultManager
    - DDUtils

SPEC CHECKSUMS:
  DDKitSwift: a598e532242452a1edf78b9cbfa5a9452cdce3d8
  DDLoggerSwift: c7c8776b2e56c741ef3c3de8cfaa3eadb2fcf813
  DDUserDefaultManager: 549d9499f7168bdecc37d7d7dbd1d8ebd6f5763b
  DDUtils: 9d1dab6514cbe6687348bde7ea0f6f2187b55222

PODFILE CHECKSUM: 19edbfe8d828e2db53abdcab29928a4802bbac75

COCOAPODS: 1.16.2
