// !$*UTF8*$!
{
	archiveVersion = 1;
	classes = {
	};
	objectVersion = 56;
	objects = {

/* Begin PBXBuildFile section */
		5C8475D0B93CDE0DB774FB4B /* Pods_userDefaultManager_zxkit.framework in Frameworks */ = {isa = PBXBuildFile; fileRef = 34E43F45587837AA4E71028F /* Pods_userDefaultManager_zxkit.framework */; };
		E4AF4B8E29E96A2D00597C93 /* AppDelegate.swift in Sources */ = {isa = PBXBuildFile; fileRef = E4AF4B8D29E96A2D00597C93 /* AppDelegate.swift */; };
		E4AF4B9029E96A2D00597C93 /* SceneDelegate.swift in Sources */ = {isa = PBXBuildFile; fileRef = E4AF4B8F29E96A2D00597C93 /* SceneDelegate.swift */; };
		E4AF4B9229E96A2D00597C93 /* ViewController.swift in Sources */ = {isa = PBXBuildFile; fileRef = E4AF4B9129E96A2D00597C93 /* ViewController.swift */; };
		E4AF4B9529E96A2D00597C93 /* Main.storyboard in Resources */ = {isa = PBXBuildFile; fileRef = E4AF4B9329E96A2D00597C93 /* Main.storyboard */; };
		E4AF4B9729E96A2F00597C93 /* Assets.xcassets in Resources */ = {isa = PBXBuildFile; fileRef = E4AF4B9629E96A2F00597C93 /* Assets.xcassets */; };
		E4AF4B9A29E96A2F00597C93 /* LaunchScreen.storyboard in Resources */ = {isa = PBXBuildFile; fileRef = E4AF4B9829E96A2F00597C93 /* LaunchScreen.storyboard */; };
		E4AF4BA629ECE99700597C93 /* ZXUserDefaultManager+zxkit.swift in Sources */ = {isa = PBXBuildFile; fileRef = E4AF4BA329ECE99700597C93 /* ZXUserDefaultManager+zxkit.swift */; };
		E4AF4BA729ECE99700597C93 /* ZXUserDefaultManager.png in Resources */ = {isa = PBXBuildFile; fileRef = E4AF4BA529ECE99700597C93 /* ZXUserDefaultManager.png */; };
/* End PBXBuildFile section */

/* Begin PBXFileReference section */
		34E43F45587837AA4E71028F /* Pods_userDefaultManager_zxkit.framework */ = {isa = PBXFileReference; explicitFileType = wrapper.framework; includeInIndex = 0; path = Pods_userDefaultManager_zxkit.framework; sourceTree = BUILT_PRODUCTS_DIR; };
		4E8356E1A8B74C58EE5D8E49 /* Pods-userDefaultManager-zxkit.release.xcconfig */ = {isa = PBXFileReference; includeInIndex = 1; lastKnownFileType = text.xcconfig; name = "Pods-userDefaultManager-zxkit.release.xcconfig"; path = "Target Support Files/Pods-userDefaultManager-zxkit/Pods-userDefaultManager-zxkit.release.xcconfig"; sourceTree = "<group>"; };
		CDC21CC0F683E88D273B96DE /* Pods-userDefaultManager-zxkit.debug.xcconfig */ = {isa = PBXFileReference; includeInIndex = 1; lastKnownFileType = text.xcconfig; name = "Pods-userDefaultManager-zxkit.debug.xcconfig"; path = "Target Support Files/Pods-userDefaultManager-zxkit/Pods-userDefaultManager-zxkit.debug.xcconfig"; sourceTree = "<group>"; };
		E4AF4B8A29E96A2D00597C93 /* userDefaultManager-zxkit.app */ = {isa = PBXFileReference; explicitFileType = wrapper.application; includeInIndex = 0; path = "userDefaultManager-zxkit.app"; sourceTree = BUILT_PRODUCTS_DIR; };
		E4AF4B8D29E96A2D00597C93 /* AppDelegate.swift */ = {isa = PBXFileReference; lastKnownFileType = sourcecode.swift; path = AppDelegate.swift; sourceTree = "<group>"; };
		E4AF4B8F29E96A2D00597C93 /* SceneDelegate.swift */ = {isa = PBXFileReference; lastKnownFileType = sourcecode.swift; path = SceneDelegate.swift; sourceTree = "<group>"; };
		E4AF4B9129E96A2D00597C93 /* ViewController.swift */ = {isa = PBXFileReference; lastKnownFileType = sourcecode.swift; path = ViewController.swift; sourceTree = "<group>"; };
		E4AF4B9429E96A2D00597C93 /* Base */ = {isa = PBXFileReference; lastKnownFileType = file.storyboard; name = Base; path = Base.lproj/Main.storyboard; sourceTree = "<group>"; };
		E4AF4B9629E96A2F00597C93 /* Assets.xcassets */ = {isa = PBXFileReference; lastKnownFileType = folder.assetcatalog; path = Assets.xcassets; sourceTree = "<group>"; };
		E4AF4B9929E96A2F00597C93 /* Base */ = {isa = PBXFileReference; lastKnownFileType = file.storyboard; name = Base; path = Base.lproj/LaunchScreen.storyboard; sourceTree = "<group>"; };
		E4AF4B9B29E96A2F00597C93 /* Info.plist */ = {isa = PBXFileReference; lastKnownFileType = text.plist.xml; path = Info.plist; sourceTree = "<group>"; };
		E4AF4BA329ECE99700597C93 /* ZXUserDefaultManager+zxkit.swift */ = {isa = PBXFileReference; fileEncoding = 4; lastKnownFileType = sourcecode.swift; path = "ZXUserDefaultManager+zxkit.swift"; sourceTree = "<group>"; };
		E4AF4BA529ECE99700597C93 /* ZXUserDefaultManager.png */ = {isa = PBXFileReference; lastKnownFileType = image.png; path = ZXUserDefaultManager.png; sourceTree = "<group>"; };
/* End PBXFileReference section */

/* Begin PBXFrameworksBuildPhase section */
		E4AF4B8729E96A2D00597C93 /* Frameworks */ = {
			isa = PBXFrameworksBuildPhase;
			buildActionMask = 2147483647;
			files = (
				5C8475D0B93CDE0DB774FB4B /* Pods_userDefaultManager_zxkit.framework in Frameworks */,
			);
			runOnlyForDeploymentPostprocessing = 0;
		};
/* End PBXFrameworksBuildPhase section */

/* Begin PBXGroup section */
		596616C1D7179F94076E0DFB /* Pods */ = {
			isa = PBXGroup;
			children = (
				CDC21CC0F683E88D273B96DE /* Pods-userDefaultManager-zxkit.debug.xcconfig */,
				4E8356E1A8B74C58EE5D8E49 /* Pods-userDefaultManager-zxkit.release.xcconfig */,
			);
			path = Pods;
			sourceTree = "<group>";
		};
		BB3ACC40E39E9C5465035017 /* Frameworks */ = {
			isa = PBXGroup;
			children = (
				34E43F45587837AA4E71028F /* Pods_userDefaultManager_zxkit.framework */,
			);
			name = Frameworks;
			sourceTree = "<group>";
		};
		E4AF4B8129E96A2D00597C93 = {
			isa = PBXGroup;
			children = (
				E4AF4B8C29E96A2D00597C93 /* userDefaultManager-zxkit */,
				E4AF4B8B29E96A2D00597C93 /* Products */,
				596616C1D7179F94076E0DFB /* Pods */,
				BB3ACC40E39E9C5465035017 /* Frameworks */,
			);
			sourceTree = "<group>";
		};
		E4AF4B8B29E96A2D00597C93 /* Products */ = {
			isa = PBXGroup;
			children = (
				E4AF4B8A29E96A2D00597C93 /* userDefaultManager-zxkit.app */,
			);
			name = Products;
			sourceTree = "<group>";
		};
		E4AF4B8C29E96A2D00597C93 /* userDefaultManager-zxkit */ = {
			isa = PBXGroup;
			children = (
				E4AF4BA129ECE99700597C93 /* pod */,
				E4AF4B8D29E96A2D00597C93 /* AppDelegate.swift */,
				E4AF4B8F29E96A2D00597C93 /* SceneDelegate.swift */,
				E4AF4B9129E96A2D00597C93 /* ViewController.swift */,
				E4AF4B9329E96A2D00597C93 /* Main.storyboard */,
				E4AF4B9629E96A2F00597C93 /* Assets.xcassets */,
				E4AF4B9829E96A2F00597C93 /* LaunchScreen.storyboard */,
				E4AF4B9B29E96A2F00597C93 /* Info.plist */,
			);
			path = "userDefaultManager-zxkit";
			sourceTree = "<group>";
		};
		E4AF4BA129ECE99700597C93 /* pod */ = {
			isa = PBXGroup;
			children = (
				E4AF4BA229ECE99700597C93 /* zxkit */,
				E4AF4BA429ECE99700597C93 /* assets */,
			);
			name = pod;
			path = ../../pod;
			sourceTree = "<group>";
		};
		E4AF4BA229ECE99700597C93 /* zxkit */ = {
			isa = PBXGroup;
			children = (
				E4AF4BA329ECE99700597C93 /* ZXUserDefaultManager+zxkit.swift */,
			);
			path = zxkit;
			sourceTree = "<group>";
		};
		E4AF4BA429ECE99700597C93 /* assets */ = {
			isa = PBXGroup;
			children = (
				E4AF4BA529ECE99700597C93 /* ZXUserDefaultManager.png */,
			);
			path = assets;
			sourceTree = "<group>";
		};
/* End PBXGroup section */

/* Begin PBXNativeTarget section */
		E4AF4B8929E96A2D00597C93 /* userDefaultManager-zxkit */ = {
			isa = PBXNativeTarget;
			buildConfigurationList = E4AF4B9E29E96A3000597C93 /* Build configuration list for PBXNativeTarget "userDefaultManager-zxkit" */;
			buildPhases = (
				203EAC1E9FFDA7D9572305AF /* [CP] Check Pods Manifest.lock */,
				E4AF4B8629E96A2D00597C93 /* Sources */,
				E4AF4B8729E96A2D00597C93 /* Frameworks */,
				E4AF4B8829E96A2D00597C93 /* Resources */,
				B4A98D0B4E7AC07AB0F13065 /* [CP] Embed Pods Frameworks */,
			);
			buildRules = (
			);
			dependencies = (
			);
			name = "userDefaultManager-zxkit";
			productName = "userDefaultManager-zxkit";
			productReference = E4AF4B8A29E96A2D00597C93 /* userDefaultManager-zxkit.app */;
			productType = "com.apple.product-type.application";
		};
/* End PBXNativeTarget section */

/* Begin PBXProject section */
		E4AF4B8229E96A2D00597C93 /* Project object */ = {
			isa = PBXProject;
			attributes = {
				BuildIndependentTargetsInParallel = 1;
				LastSwiftUpdateCheck = 1430;
				LastUpgradeCheck = 1430;
				TargetAttributes = {
					E4AF4B8929E96A2D00597C93 = {
						CreatedOnToolsVersion = 14.3;
					};
				};
			};
			buildConfigurationList = E4AF4B8529E96A2D00597C93 /* Build configuration list for PBXProject "userDefaultManager-zxkit" */;
			compatibilityVersion = "Xcode 14.0";
			developmentRegion = en;
			hasScannedForEncodings = 0;
			knownRegions = (
				en,
				Base,
			);
			mainGroup = E4AF4B8129E96A2D00597C93;
			productRefGroup = E4AF4B8B29E96A2D00597C93 /* Products */;
			projectDirPath = "";
			projectRoot = "";
			targets = (
				E4AF4B8929E96A2D00597C93 /* userDefaultManager-zxkit */,
			);
		};
/* End PBXProject section */

/* Begin PBXResourcesBuildPhase section */
		E4AF4B8829E96A2D00597C93 /* Resources */ = {
			isa = PBXResourcesBuildPhase;
			buildActionMask = 2147483647;
			files = (
				E4AF4BA729ECE99700597C93 /* ZXUserDefaultManager.png in Resources */,
				E4AF4B9A29E96A2F00597C93 /* LaunchScreen.storyboard in Resources */,
				E4AF4B9729E96A2F00597C93 /* Assets.xcassets in Resources */,
				E4AF4B9529E96A2D00597C93 /* Main.storyboard in Resources */,
			);
			runOnlyForDeploymentPostprocessing = 0;
		};
/* End PBXResourcesBuildPhase section */

/* Begin PBXShellScriptBuildPhase section */
		203EAC1E9FFDA7D9572305AF /* [CP] Check Pods Manifest.lock */ = {
			isa = PBXShellScriptBuildPhase;
			buildActionMask = 2147483647;
			files = (
			);
			inputFileListPaths = (
			);
			inputPaths = (
				"${PODS_PODFILE_DIR_PATH}/Podfile.lock",
				"${PODS_ROOT}/Manifest.lock",
			);
			name = "[CP] Check Pods Manifest.lock";
			outputFileListPaths = (
			);
			outputPaths = (
				"$(DERIVED_FILE_DIR)/Pods-userDefaultManager-zxkit-checkManifestLockResult.txt",
			);
			runOnlyForDeploymentPostprocessing = 0;
			shellPath = /bin/sh;
			shellScript = "diff \"${PODS_PODFILE_DIR_PATH}/Podfile.lock\" \"${PODS_ROOT}/Manifest.lock\" > /dev/null\nif [ $? != 0 ] ; then\n    # print error to STDERR\n    echo \"error: The sandbox is not in sync with the Podfile.lock. Run 'pod install' or update your CocoaPods installation.\" >&2\n    exit 1\nfi\n# This output is used by Xcode 'outputs' to avoid re-running this script phase.\necho \"SUCCESS\" > \"${SCRIPT_OUTPUT_FILE_0}\"\n";
			showEnvVarsInLog = 0;
		};
		B4A98D0B4E7AC07AB0F13065 /* [CP] Embed Pods Frameworks */ = {
			isa = PBXShellScriptBuildPhase;
			buildActionMask = 2147483647;
			files = (
			);
			inputFileListPaths = (
				"${PODS_ROOT}/Target Support Files/Pods-userDefaultManager-zxkit/Pods-userDefaultManager-zxkit-frameworks-${CONFIGURATION}-input-files.xcfilelist",
			);
			name = "[CP] Embed Pods Frameworks";
			outputFileListPaths = (
				"${PODS_ROOT}/Target Support Files/Pods-userDefaultManager-zxkit/Pods-userDefaultManager-zxkit-frameworks-${CONFIGURATION}-output-files.xcfilelist",
			);
			runOnlyForDeploymentPostprocessing = 0;
			shellPath = /bin/sh;
			shellScript = "\"${PODS_ROOT}/Target Support Files/Pods-userDefaultManager-zxkit/Pods-userDefaultManager-zxkit-frameworks.sh\"\n";
			showEnvVarsInLog = 0;
		};
/* End PBXShellScriptBuildPhase section */

/* Begin PBXSourcesBuildPhase section */
		E4AF4B8629E96A2D00597C93 /* Sources */ = {
			isa = PBXSourcesBuildPhase;
			buildActionMask = 2147483647;
			files = (
				E4AF4B9229E96A2D00597C93 /* ViewController.swift in Sources */,
				E4AF4B8E29E96A2D00597C93 /* AppDelegate.swift in Sources */,
				E4AF4BA629ECE99700597C93 /* ZXUserDefaultManager+zxkit.swift in Sources */,
				E4AF4B9029E96A2D00597C93 /* SceneDelegate.swift in Sources */,
			);
			runOnlyForDeploymentPostprocessing = 0;
		};
/* End PBXSourcesBuildPhase section */

/* Begin PBXVariantGroup section */
		E4AF4B9329E96A2D00597C93 /* Main.storyboard */ = {
			isa = PBXVariantGroup;
			children = (
				E4AF4B9429E96A2D00597C93 /* Base */,
			);
			name = Main.storyboard;
			sourceTree = "<group>";
		};
		E4AF4B9829E96A2F00597C93 /* LaunchScreen.storyboard */ = {
			isa = PBXVariantGroup;
			children = (
				E4AF4B9929E96A2F00597C93 /* Base */,
			);
			name = LaunchScreen.storyboard;
			sourceTree = "<group>";
		};
/* End PBXVariantGroup section */

/* Begin XCBuildConfiguration section */
		E4AF4B9C29E96A2F00597C93 /* Debug */ = {
			isa = XCBuildConfiguration;
			buildSettings = {
				ALWAYS_SEARCH_USER_PATHS = NO;
				CLANG_ANALYZER_NONNULL = YES;
				CLANG_ANALYZER_NUMBER_OBJECT_CONVERSION = YES_AGGRESSIVE;
				CLANG_CXX_LANGUAGE_STANDARD = "gnu++20";
				CLANG_ENABLE_MODULES = YES;
				CLANG_ENABLE_OBJC_ARC = YES;
				CLANG_ENABLE_OBJC_WEAK = YES;
				CLANG_WARN_BLOCK_CAPTURE_AUTORELEASING = YES;
				CLANG_WARN_BOOL_CONVERSION = YES;
				CLANG_WARN_COMMA = YES;
				CLANG_WARN_CONSTANT_CONVERSION = YES;
				CLANG_WARN_DEPRECATED_OBJC_IMPLEMENTATIONS = YES;
				CLANG_WARN_DIRECT_OBJC_ISA_USAGE = YES_ERROR;
				CLANG_WARN_DOCUMENTATION_COMMENTS = YES;
				CLANG_WARN_EMPTY_BODY = YES;
				CLANG_WARN_ENUM_CONVERSION = YES;
				CLANG_WARN_INFINITE_RECURSION = YES;
				CLANG_WARN_INT_CONVERSION = YES;
				CLANG_WARN_NON_LITERAL_NULL_CONVERSION = YES;
				CLANG_WARN_OBJC_IMPLICIT_RETAIN_SELF = YES;
				CLANG_WARN_OBJC_LITERAL_CONVERSION = YES;
				CLANG_WARN_OBJC_ROOT_CLASS = YES_ERROR;
				CLANG_WARN_QUOTED_INCLUDE_IN_FRAMEWORK_HEADER = YES;
				CLANG_WARN_RANGE_LOOP_ANALYSIS = YES;
				CLANG_WARN_STRICT_PROTOTYPES = YES;
				CLANG_WARN_SUSPICIOUS_MOVE = YES;
				CLANG_WARN_UNGUARDED_AVAILABILITY = YES_AGGRESSIVE;
				CLANG_WARN_UNREACHABLE_CODE = YES;
				CLANG_WARN__DUPLICATE_METHOD_MATCH = YES;
				COPY_PHASE_STRIP = NO;
				DEBUG_INFORMATION_FORMAT = dwarf;
				ENABLE_STRICT_OBJC_MSGSEND = YES;
				ENABLE_TESTABILITY = YES;
				GCC_C_LANGUAGE_STANDARD = gnu11;
				GCC_DYNAMIC_NO_PIC = NO;
				GCC_NO_COMMON_BLOCKS = YES;
				GCC_OPTIMIZATION_LEVEL = 0;
				GCC_PREPROCESSOR_DEFINITIONS = (
					"DEBUG=1",
					"$(inherited)",
				);
				GCC_WARN_64_TO_32_BIT_CONVERSION = YES;
				GCC_WARN_ABOUT_RETURN_TYPE = YES_ERROR;
				GCC_WARN_UNDECLARED_SELECTOR = YES;
				GCC_WARN_UNINITIALIZED_AUTOS = YES_AGGRESSIVE;
				GCC_WARN_UNUSED_FUNCTION = YES;
				GCC_WARN_UNUSED_VARIABLE = YES;
				IPHONEOS_DEPLOYMENT_TARGET = 16.4;
				MTL_ENABLE_DEBUG_INFO = INCLUDE_SOURCE;
				MTL_FAST_MATH = YES;
				ONLY_ACTIVE_ARCH = YES;
				SDKROOT = iphoneos;
				SWIFT_ACTIVE_COMPILATION_CONDITIONS = DEBUG;
				SWIFT_OPTIMIZATION_LEVEL = "-Onone";
			};
			name = Debug;
		};
		E4AF4B9D29E96A2F00597C93 /* Release */ = {
			isa = XCBuildConfiguration;
			buildSettings = {
				ALWAYS_SEARCH_USER_PATHS = NO;
				CLANG_ANALYZER_NONNULL = YES;
				CLANG_ANALYZER_NUMBER_OBJECT_CONVERSION = YES_AGGRESSIVE;
				CLANG_CXX_LANGUAGE_STANDARD = "gnu++20";
				CLANG_ENABLE_MODULES = YES;
				CLANG_ENABLE_OBJC_ARC = YES;
				CLANG_ENABLE_OBJC_WEAK = YES;
				CLANG_WARN_BLOCK_CAPTURE_AUTORELEASING = YES;
				CLANG_WARN_BOOL_CONVERSION = YES;
				CLANG_WARN_COMMA = YES;
				CLANG_WARN_CONSTANT_CONVERSION = YES;
				CLANG_WARN_DEPRECATED_OBJC_IMPLEMENTATIONS = YES;
				CLANG_WARN_DIRECT_OBJC_ISA_USAGE = YES_ERROR;
				CLANG_WARN_DOCUMENTATION_COMMENTS = YES;
				CLANG_WARN_EMPTY_BODY = YES;
				CLANG_WARN_ENUM_CONVERSION = YES;
				CLANG_WARN_INFINITE_RECURSION = YES;
				CLANG_WARN_INT_CONVERSION = YES;
				CLANG_WARN_NON_LITERAL_NULL_CONVERSION = YES;
				CLANG_WARN_OBJC_IMPLICIT_RETAIN_SELF = YES;
				CLANG_WARN_OBJC_LITERAL_CONVERSION = YES;
				CLANG_WARN_OBJC_ROOT_CLASS = YES_ERROR;
				CLANG_WARN_QUOTED_INCLUDE_IN_FRAMEWORK_HEADER = YES;
				CLANG_WARN_RANGE_LOOP_ANALYSIS = YES;
				CLANG_WARN_STRICT_PROTOTYPES = YES;
				CLANG_WARN_SUSPICIOUS_MOVE = YES;
				CLANG_WARN_UNGUARDED_AVAILABILITY = YES_AGGRESSIVE;
				CLANG_WARN_UNREACHABLE_CODE = YES;
				CLANG_WARN__DUPLICATE_METHOD_MATCH = YES;
				COPY_PHASE_STRIP = NO;
				DEBUG_INFORMATION_FORMAT = "dwarf-with-dsym";
				ENABLE_NS_ASSERTIONS = NO;
				ENABLE_STRICT_OBJC_MSGSEND = YES;
				GCC_C_LANGUAGE_STANDARD = gnu11;
				GCC_NO_COMMON_BLOCKS = YES;
				GCC_WARN_64_TO_32_BIT_CONVERSION = YES;
				GCC_WARN_ABOUT_RETURN_TYPE = YES_ERROR;
				GCC_WARN_UNDECLARED_SELECTOR = YES;
				GCC_WARN_UNINITIALIZED_AUTOS = YES_AGGRESSIVE;
				GCC_WARN_UNUSED_FUNCTION = YES;
				GCC_WARN_UNUSED_VARIABLE = YES;
				IPHONEOS_DEPLOYMENT_TARGET = 16.4;
				MTL_ENABLE_DEBUG_INFO = NO;
				MTL_FAST_MATH = YES;
				SDKROOT = iphoneos;
				SWIFT_COMPILATION_MODE = wholemodule;
				SWIFT_OPTIMIZATION_LEVEL = "-O";
				VALIDATE_PRODUCT = YES;
			};
			name = Release;
		};
		E4AF4B9F29E96A3000597C93 /* Debug */ = {
			isa = XCBuildConfiguration;
			baseConfigurationReference = CDC21CC0F683E88D273B96DE /* Pods-userDefaultManager-zxkit.debug.xcconfig */;
			buildSettings = {
				ASSETCATALOG_COMPILER_APPICON_NAME = AppIcon;
				ASSETCATALOG_COMPILER_GLOBAL_ACCENT_COLOR_NAME = AccentColor;
				CODE_SIGN_STYLE = Automatic;
				CURRENT_PROJECT_VERSION = 1;
				GENERATE_INFOPLIST_FILE = YES;
				INFOPLIST_FILE = "userDefaultManager-zxkit/Info.plist";
				INFOPLIST_KEY_UIApplicationSupportsIndirectInputEvents = YES;
				INFOPLIST_KEY_UILaunchStoryboardName = LaunchScreen;
				INFOPLIST_KEY_UIMainStoryboardFile = Main;
				INFOPLIST_KEY_UISupportedInterfaceOrientations_iPad = "UIInterfaceOrientationPortrait UIInterfaceOrientationPortraitUpsideDown UIInterfaceOrientationLandscapeLeft UIInterfaceOrientationLandscapeRight";
				INFOPLIST_KEY_UISupportedInterfaceOrientations_iPhone = "UIInterfaceOrientationPortrait UIInterfaceOrientationLandscapeLeft UIInterfaceOrientationLandscapeRight";
				LD_RUNPATH_SEARCH_PATHS = (
					"$(inherited)",
					"@executable_path/Frameworks",
				);
				MARKETING_VERSION = 1.0;
				PRODUCT_BUNDLE_IDENTIFIER = "ZXKitCore.userDefaultManager-zxkit";
				PRODUCT_NAME = "$(TARGET_NAME)";
				SWIFT_EMIT_LOC_STRINGS = YES;
				SWIFT_VERSION = 5.0;
				TARGETED_DEVICE_FAMILY = "1,2";
			};
			name = Debug;
		};
		E4AF4BA029E96A3000597C93 /* Release */ = {
			isa = XCBuildConfiguration;
			baseConfigurationReference = 4E8356E1A8B74C58EE5D8E49 /* Pods-userDefaultManager-zxkit.release.xcconfig */;
			buildSettings = {
				ASSETCATALOG_COMPILER_APPICON_NAME = AppIcon;
				ASSETCATALOG_COMPILER_GLOBAL_ACCENT_COLOR_NAME = AccentColor;
				CODE_SIGN_STYLE = Automatic;
				CURRENT_PROJECT_VERSION = 1;
				GENERATE_INFOPLIST_FILE = YES;
				INFOPLIST_FILE = "userDefaultManager-zxkit/Info.plist";
				INFOPLIST_KEY_UIApplicationSupportsIndirectInputEvents = YES;
				INFOPLIST_KEY_UILaunchStoryboardName = LaunchScreen;
				INFOPLIST_KEY_UIMainStoryboardFile = Main;
				INFOPLIST_KEY_UISupportedInterfaceOrientations_iPad = "UIInterfaceOrientationPortrait UIInterfaceOrientationPortraitUpsideDown UIInterfaceOrientationLandscapeLeft UIInterfaceOrientationLandscapeRight";
				INFOPLIST_KEY_UISupportedInterfaceOrientations_iPhone = "UIInterfaceOrientationPortrait UIInterfaceOrientationLandscapeLeft UIInterfaceOrientationLandscapeRight";
				LD_RUNPATH_SEARCH_PATHS = (
					"$(inherited)",
					"@executable_path/Frameworks",
				);
				MARKETING_VERSION = 1.0;
				PRODUCT_BUNDLE_IDENTIFIER = "ZXKitCore.userDefaultManager-zxkit";
				PRODUCT_NAME = "$(TARGET_NAME)";
				SWIFT_EMIT_LOC_STRINGS = YES;
				SWIFT_VERSION = 5.0;
				TARGETED_DEVICE_FAMILY = "1,2";
			};
			name = Release;
		};
/* End XCBuildConfiguration section */

/* Begin XCConfigurationList section */
		E4AF4B8529E96A2D00597C93 /* Build configuration list for PBXProject "userDefaultManager-zxkit" */ = {
			isa = XCConfigurationList;
			buildConfigurations = (
				E4AF4B9C29E96A2F00597C93 /* Debug */,
				E4AF4B9D29E96A2F00597C93 /* Release */,
			);
			defaultConfigurationIsVisible = 0;
			defaultConfigurationName = Release;
		};
		E4AF4B9E29E96A3000597C93 /* Build configuration list for PBXNativeTarget "userDefaultManager-zxkit" */ = {
			isa = XCConfigurationList;
			buildConfigurations = (
				E4AF4B9F29E96A3000597C93 /* Debug */,
				E4AF4BA029E96A3000597C93 /* Release */,
			);
			defaultConfigurationIsVisible = 0;
			defaultConfigurationName = Release;
		};
/* End XCConfigurationList section */
	};
	rootObject = E4AF4B8229E96A2D00597C93 /* Project object */;
}
